<?xml version="1.0" encoding="utf-8"?>
<Project ToolsVersion="4.0" xmlns="http://schemas.microsoft.com/developer/msbuild/2003">
  <ItemGroup>
    <Filter Include="Source Files">
      <UniqueIdentifier>{4FC737F1-C7A5-4376-A066-2A32D752A2FF}</UniqueIdentifier>
      <Extensions>cpp;c;cc;cxx;def;odl;idl;hpj;bat;asm;asmx</Extensions>
    </Filter>
    <Filter Include="Header Files">
      <UniqueIdentifier>{93995380-89BD-4b04-88EB-625FBE52EBFB}</UniqueIdentifier>
      <Extensions>h;hh;hpp;hxx;hm;inl;inc;ipp;xsd</Extensions>
    </Filter>
    <Filter Include="Resource Files">
      <UniqueIdentifier>{67DA6AB6-F800-4c08-8B7A-83BB121AAD01}</UniqueIdentifier>
      <Extensions>rc;ico;cur;bmp;dlg;rc2;rct;bin;rgs;gif;jpg;jpeg;jpe;resx;tiff;tif;png;wav;mfcribbon-ms</Extensions>
    </Filter>
  </ItemGroup>
  <ItemGroup>
    <ClInclude Include="average.h">
      <Filter>Header Files</Filter>
    </ClInclude>
    <ClInclude Include="bag.h">
      <Filter>Header Files</Filter>
    </ClInclude>
    <ClInclude Include="binary_search.h">
      <Filter>Header Files</Filter>
    </ClInclude>
    <ClInclude Include="breadth_first_directed_paths.h">
      <Filter>Header Files</Filter>
    </ClInclude>
    <ClInclude Include="breadth_first_paths.h">
      <Filter>Header Files</Filter>
    </ClInclude>
    <ClInclude Include="bst.h">
      <Filter>Header Files</Filter>
    </ClInclude>
    <ClInclude Include="btree.h">
      <Filter>Header Files</Filter>
    </ClInclude>
    <ClInclude Include="cc.h">
      <Filter>Header Files</Filter>
    </ClInclude>
    <ClInclude Include="count.h">
      <Filter>Header Files</Filter>
    </ClInclude>
    <ClInclude Include="counter.h">
      <Filter>Header Files</Filter>
    </ClInclude>
    <ClInclude Include="date.h">
      <Filter>Header Files</Filter>
    </ClInclude>
    <ClInclude Include="depth_first_directed_paths.h">
      <Filter>Header Files</Filter>
    </ClInclude>
    <ClInclude Include="depth_first_order.h">
      <Filter>Header Files</Filter>
    </ClInclude>
    <ClInclude Include="depth_first_paths.h">
      <Filter>Header Files</Filter>
    </ClInclude>
    <ClInclude Include="digraph.h">
      <Filter>Header Files</Filter>
    </ClInclude>
    <ClInclude Include="directed_cycle.h">
      <Filter>Header Files</Filter>
    </ClInclude>
    <ClInclude Include="directed_edge.h">
      <Filter>Header Files</Filter>
    </ClInclude>
    <ClInclude Include="doubling_ratio.h">
      <Filter>Header Files</Filter>
    </ClInclude>
    <ClInclude Include="edge.h">
      <Filter>Header Files</Filter>
    </ClInclude>
    <ClInclude Include="edge_weighted_digraph.h">
      <Filter>Header Files</Filter>
    </ClInclude>
    <ClInclude Include="edge_weighted_directed_cycle.h">
      <Filter>Header Files</Filter>
    </ClInclude>
    <ClInclude Include="edge_weighted_graph.h">
      <Filter>Header Files</Filter>
    </ClInclude>
    <ClInclude Include="graph.h">
      <Filter>Header Files</Filter>
    </ClInclude>
    <ClInclude Include="heap.h">
      <Filter>Header Files</Filter>
    </ClInclude>
    <ClInclude Include="index_max_pq.h">
      <Filter>Header Files</Filter>
    </ClInclude>
    <ClInclude Include="index_min_pq.h">
      <Filter>Header Files</Filter>
    </ClInclude>
    <ClInclude Include="kruskal_mst.h">
      <Filter>Header Files</Filter>
    </ClInclude>
    <ClInclude Include="lazy_prim_mst.h">
      <Filter>Header Files</Filter>
    </ClInclude>
    <ClInclude Include="linear_probing_hashst.h">
      <Filter>Header Files</Filter>
    </ClInclude>
    <ClInclude Include="max_pq.h">
      <Filter>Header Files</Filter>
    </ClInclude>
    <ClInclude Include="merge.h">
      <Filter>Header Files</Filter>
    </ClInclude>
    <ClInclude Include="merge_bu.h">
      <Filter>Header Files</Filter>
    </ClInclude>
    <ClInclude Include="merge_x.h">
      <Filter>Header Files</Filter>
    </ClInclude>
    <ClInclude Include="min_pq.h">
      <Filter>Header Files</Filter>
    </ClInclude>
    <ClInclude Include="point2d.h">
      <Filter>Header Files</Filter>
    </ClInclude>
    <ClInclude Include="prim_mst.h">
      <Filter>Header Files</Filter>
    </ClInclude>
    <ClInclude Include="queue.h">
      <Filter>Header Files</Filter>
    </ClInclude>
    <ClInclude Include="quick.h">
      <Filter>Header Files</Filter>
    </ClInclude>
    <ClInclude Include="quick_3way.h">
      <Filter>Header Files</Filter>
    </ClInclude>
    <ClInclude Include="quick_find_uf.h">
      <Filter>Header Files</Filter>
    </ClInclude>
    <ClInclude Include="quick_union_uf.h">
      <Filter>Header Files</Filter>
    </ClInclude>
    <ClInclude Include="quick_x.h">
      <Filter>Header Files</Filter>
    </ClInclude>
    <ClInclude Include="redblack_bst.h">
      <Filter>Header Files</Filter>
    </ClInclude>
    <ClInclude Include="resizing_array_bag.h">
      <Filter>Header Files</Filter>
    </ClInclude>
    <ClInclude Include="separate_chaining_hashst.h">
      <Filter>Header Files</Filter>
    </ClInclude>
    <ClInclude Include="sequential_search_st.h">
      <Filter>Header Files</Filter>
    </ClInclude>
    <ClInclude Include="shell.h">
      <Filter>Header Files</Filter>
    </ClInclude>
    <ClInclude Include="sparse_vector.h">
      <Filter>Header Files</Filter>
    </ClInclude>
    <ClInclude Include="st.h">
      <Filter>Header Files</Filter>
    </ClInclude>
    <ClInclude Include="stack.h">
      <Filter>Header Files</Filter>
    </ClInclude>
    <ClInclude Include="static_set_of_ints.h">
      <Filter>Header Files</Filter>
    </ClInclude>
    <ClInclude Include="stdrandom.h">
      <Filter>Header Files</Filter>
    </ClInclude>
    <ClInclude Include="stopwatch.h">
      <Filter>Header Files</Filter>
    </ClInclude>
    <ClInclude Include="stopwatch_win32.h">
      <Filter>Header Files</Filter>
    </ClInclude>
    <ClInclude Include="three_sum.h">
      <Filter>Header Files</Filter>
    </ClInclude>
    <ClInclude Include="three_sum_fast.h">
      <Filter>Header Files</Filter>
    </ClInclude>
    <ClInclude Include="topological.h">
      <Filter>Header Files</Filter>
    </ClInclude>
    <ClInclude Include="uf.h">
      <Filter>Header Files</Filter>
    </ClInclude>
    <ClInclude Include="vector.h">
      <Filter>Header Files</Filter>
    </ClInclude>
    <ClInclude Include="weighted_quick_union_uf.h">
      <Filter>Header Files</Filter>
    </ClInclude>
    <ClInclude Include="whitelist.h">
      <Filter>Header Files</Filter>
    </ClInclude>
    <ClInclude Include="avltree_st.h">
      <Filter>Header Files</Filter>
    </ClInclude>
    <ClInclude Include="symbol_graph.h">
      <Filter>Header Files</Filter>
    </ClInclude>
    <ClInclude Include="symbol_digraph.h">
      <Filter>Header Files</Filter>
    </ClInclude>
    <ClInclude Include="topological_x.h">
      <Filter>Header Files</Filter>
    </ClInclude>
    <ClInclude Include="kosaraju_sharir_scc.h">
      <Filter>Header Files</Filter>
    </ClInclude>
    <ClInclude Include="dijkstra_undirected_sp.h">
      <Filter>Header Files</Filter>
    </ClInclude>
    <ClInclude Include="dijkstra_sp.h">
      <Filter>Header Files</Filter>
    </ClInclude>
    <ClInclude Include="dijkstra_allpairs_sp.h">
      <Filter>Header Files</Filter>
    </ClInclude>
    <ClInclude Include="cpm.h">
      <Filter>Header Files</Filter>
    </ClInclude>
    <ClInclude Include="acyclic_sp.h">
      <Filter>Header Files</Filter>
    </ClInclude>
    <ClInclude Include="acyclic_lp.h">
      <Filter>Header Files</Filter>
    </ClInclude>
    <ClInclude Include="bellman_ford_sp.h">
      <Filter>Header Files</Filter>
    </ClInclude>
    <ClInclude Include="lsd.h">
      <Filter>Header Files</Filter>
    </ClInclude>
    <ClInclude Include="msd.h">
      <Filter>Header Files</Filter>
    </ClInclude>
    <ClInclude Include="quick_3_string.h">
      <Filter>Header Files</Filter>
    </ClInclude>
    <ClInclude Include="suffix_array.h">
      <Filter>Header Files</Filter>
    </ClInclude>
    <ClInclude Include="trimmer.h">
      <Filter>Header Files</Filter>
    </ClInclude>
    <ClInclude Include="suffix_array_x.h">
      <Filter>Header Files</Filter>
    </ClInclude>
    <ClInclude Include="longest_repeated_substring.h">
      <Filter>Header Files</Filter>
    </ClInclude>
    <ClInclude Include="longest_common_substring.h">
      <Filter>Header Files</Filter>
    </ClInclude>
    <ClInclude Include="stdin.h">
      <Filter>Header Files</Filter>
    </ClInclude>
    <ClInclude Include="substring.h">
      <Filter>Header Files</Filter>
    </ClInclude>
    <ClInclude Include="flow_edge.h">
      <Filter>Header Files</Filter>
    </ClInclude>
    <ClInclude Include="flow_network.h">
      <Filter>Header Files</Filter>
    </ClInclude>
    <ClInclude Include="ford_fulkerson.h">
      <Filter>Header Files</Filter>
    </ClInclude>
    <ClInclude Include="bipartite.h">
      <Filter>Header Files</Filter>
    </ClInclude>
    <ClInclude Include="graph_generator.h">
      <Filter>Header Files</Filter>
    </ClInclude>
    <ClInclude Include="set.h">
      <Filter>Header Files</Filter>
    </ClInclude>
    <ClInclude Include="bipartite_x.h">
      <Filter>Header Files</Filter>
    </ClInclude>
    <ClInclude Include="white_filter.h">
      <Filter>Header Files</Filter>
    </ClInclude>
    <ClInclude Include="black_filter.h">
      <Filter>Header Files</Filter>
    </ClInclude>
    <ClInclude Include="bipartite_matching.h">
      <Filter>Header Files</Filter>
    </ClInclude>
  </ItemGroup>
  <ItemGroup>
    <ClCompile Include="date.cpp">
      <Filter>Source Files</Filter>
    </ClCompile>
    <ClCompile Include="directed_edge.cpp">
      <Filter>Source Files</Filter>
    </ClCompile>
    <ClCompile Include="edge.cpp">
      <Filter>Source Files</Filter>
    </ClCompile>
    <ClCompile Include="memory_leak_tests.cpp">
      <Filter>Source Files</Filter>
    </ClCompile>
    <ClCompile Include="point2d.cpp">
      <Filter>Source Files</Filter>
    </ClCompile>
    <ClCompile Include="stdrandom.cpp">
      <Filter>Source Files</Filter>
    </ClCompile>
    <ClCompile Include="stopwatch_win32.cpp">
      <Filter>Source Files</Filter>
    </ClCompile>
    <ClCompile Include="counter.cpp">
      <Filter>Source Files</Filter>
    </ClCompile>
    <ClCompile Include="suffix_array.cpp">
      <Filter>Source Files</Filter>
    </ClCompile>
    <ClCompile Include="trimmer.cpp">
      <Filter>Source Files</Filter>
    </ClCompile>
    <ClCompile Include="substring.cpp">
      <Filter>Source Files</Filter>
    </ClCompile>
    <ClCompile Include="ford_fulkerson.cpp">
      <Filter>Source Files</Filter>
    </ClCompile>
    <ClCompile Include="graph_generator.cpp">
      <Filter>Source Files</Filter>
    </ClCompile>
  </ItemGroup>
</Project>